// !$*UTF8*$!
{
	archiveVersion = 1;
	classes = {
	};
	objectVersion = 56;
	objects = {

/* Begin PBXBuildFile section */
		9A56EA302BA6980D00A3A57A /* FirebaseAuth in Frameworks */ = {isa = PBXBuildFile; productRef = 9A56EA2F2BA6980D00A3A57A /* FirebaseAuth */; };
		9A56EA342BA69FF700A3A57A /* LoginView.swift in Sources */ = {isa = PBXBuildFile; fileRef = 9A56EA332BA69FF700A3A57A /* LoginView.swift */; };
		9A56EA362BA6A01700A3A57A /* SignUpView.swift in Sources */ = {isa = PBXBuildFile; fileRef = 9A56EA352BA6A01700A3A57A /* SignUpView.swift */; };
		9A5D72C82B9D712B00BBD246 /* ListView.swift in Sources */ = {isa = PBXBuildFile; fileRef = 9A5D72C72B9D712B00BBD246 /* ListView.swift */; };
		9A5D72CC2B9D862600BBD246 /* GoogleService-Info.plist in Resources */ = {isa = PBXBuildFile; fileRef = 9A5D72CB2B9D862600BBD246 /* GoogleService-Info.plist */; };
		9A5D72CF2B9D869700BBD246 /* FirebaseFirestore in Frameworks */ = {isa = PBXBuildFile; productRef = 9A5D72CE2B9D869700BBD246 /* FirebaseFirestore */; };
		9A5D72D12B9D942E00BBD246 /* DetailView.swift in Sources */ = {isa = PBXBuildFile; fileRef = 9A5D72D02B9D942E00BBD246 /* DetailView.swift */; };
		9A5D72D42B9FE79000BBD246 /* ItemRepository.swift in Sources */ = {isa = PBXBuildFile; fileRef = 9A5D72D32B9FE79000BBD246 /* ItemRepository.swift */; };
		9A5D72D62B9FF33D00BBD246 /* FirebaseFirestoreSwift in Frameworks */ = {isa = PBXBuildFile; productRef = 9A5D72D52B9FF33D00BBD246 /* FirebaseFirestoreSwift */; };
		9A6F8B452BA6757B001FE343 /* AppStateViewModel.swift in Sources */ = {isa = PBXBuildFile; fileRef = 9A6F8B442BA6757B001FE343 /* AppStateViewModel.swift */; };
		9ABC8A012B82C11B002797A0 /* ToDoFirebaseSwiftUIApp.swift in Sources */ = {isa = PBXBuildFile; fileRef = 9ABC8A002B82C11B002797A0 /* ToDoFirebaseSwiftUIApp.swift */; };
		9ABC8A032B82C11B002797A0 /* ContentView.swift in Sources */ = {isa = PBXBuildFile; fileRef = 9ABC8A022B82C11B002797A0 /* ContentView.swift */; };
		9ABC8A052B82C11C002797A0 /* Assets.xcassets in Resources */ = {isa = PBXBuildFile; fileRef = 9ABC8A042B82C11C002797A0 /* Assets.xcassets */; };
		9ABC8A082B82C11C002797A0 /* Preview Assets.xcassets in Resources */ = {isa = PBXBuildFile; fileRef = 9ABC8A072B82C11C002797A0 /* Preview Assets.xcassets */; };
		9ABC8A132B82D10D002797A0 /* ToDoItem.swift in Sources */ = {isa = PBXBuildFile; fileRef = 9ABC8A122B82D10D002797A0 /* ToDoItem.swift */; };
		9AD4E0A72B8702AF004A692E /* ListViewModel.swift in Sources */ = {isa = PBXBuildFile; fileRef = 9AD4E0A62B8702AF004A692E /* ListViewModel.swift */; };
/* End PBXBuildFile section */

/* Begin PBXFileReference section */
		9A56EA332BA69FF700A3A57A /* LoginView.swift */ = {isa = PBXFileReference; lastKnownFileType = sourcecode.swift; path = LoginView.swift; sourceTree = "<group>"; };
		9A56EA352BA6A01700A3A57A /* SignUpView.swift */ = {isa = PBXFileReference; lastKnownFileType = sourcecode.swift; path = SignUpView.swift; sourceTree = "<group>"; };
		9A5D72C72B9D712B00BBD246 /* ListView.swift */ = {isa = PBXFileReference; lastKnownFileType = sourcecode.swift; path = ListView.swift; sourceTree = "<group>"; };
		9A5D72CB2B9D862600BBD246 /* GoogleService-Info.plist */ = {isa = PBXFileReference; fileEncoding = 4; lastKnownFileType = text.plist.xml; path = "GoogleService-Info.plist"; sourceTree = "<group>"; };
		9A5D72D02B9D942E00BBD246 /* DetailView.swift */ = {isa = PBXFileReference; lastKnownFileType = sourcecode.swift; path = DetailView.swift; sourceTree = "<group>"; };
		9A5D72D32B9FE79000BBD246 /* ItemRepository.swift */ = {isa = PBXFileReference; lastKnownFileType = sourcecode.swift; path = ItemRepository.swift; sourceTree = "<group>"; };
		9A6F8B442BA6757B001FE343 /* AppStateViewModel.swift */ = {isa = PBXFileReference; lastKnownFileType = sourcecode.swift; path = AppStateViewModel.swift; sourceTree = "<group>"; };
		9ABC89FD2B82C11B002797A0 /* ToDoFirebaseSwiftUI.app */ = {isa = PBXFileReference; explicitFileType = wrapper.application; includeInIndex = 0; path = ToDoFirebaseSwiftUI.app; sourceTree = BUILT_PRODUCTS_DIR; };
		9ABC8A002B82C11B002797A0 /* ToDoFirebaseSwiftUIApp.swift */ = {isa = PBXFileReference; lastKnownFileType = sourcecode.swift; path = ToDoFirebaseSwiftUIApp.swift; sourceTree = "<group>"; };
		9ABC8A022B82C11B002797A0 /* ContentView.swift */ = {isa = PBXFileReference; lastKnownFileType = sourcecode.swift; path = ContentView.swift; sourceTree = "<group>"; };
		9ABC8A042B82C11C002797A0 /* Assets.xcassets */ = {isa = PBXFileReference; lastKnownFileType = folder.assetcatalog; path = Assets.xcassets; sourceTree = "<group>"; };
		9ABC8A072B82C11C002797A0 /* Preview Assets.xcassets */ = {isa = PBXFileReference; lastKnownFileType = folder.assetcatalog; path = "Preview Assets.xcassets"; sourceTree = "<group>"; };
		9ABC8A122B82D10D002797A0 /* ToDoItem.swift */ = {isa = PBXFileReference; lastKnownFileType = sourcecode.swift; path = ToDoItem.swift; sourceTree = "<group>"; };
		9AD4E0A62B8702AF004A692E /* ListViewModel.swift */ = {isa = PBXFileReference; lastKnownFileType = sourcecode.swift; path = ListViewModel.swift; sourceTree = "<group>"; };
/* End PBXFileReference section */

/* Begin PBXFrameworksBuildPhase section */
		9ABC89FA2B82C11B002797A0 /* Frameworks */ = {
			isa = PBXFrameworksBuildPhase;
			buildActionMask = 2147483647;
			files = (
				9A5D72CF2B9D869700BBD246 /* FirebaseFirestore in Frameworks */,
				9A56EA302BA6980D00A3A57A /* FirebaseAuth in Frameworks */,
				9A5D72D62B9FF33D00BBD246 /* FirebaseFirestoreSwift in Frameworks */,
			);
			runOnlyForDeploymentPostprocessing = 0;
		};
/* End PBXFrameworksBuildPhase section */

/* Begin PBXGroup section */
		9A5D72D22B9FE76E00BBD246 /* Repositories */ = {
			isa = PBXGroup;
			children = (
				9A5D72D32B9FE79000BBD246 /* ItemRepository.swift */,
			);
			path = Repositories;
			sourceTree = "<group>";
		};
		9ABC89F42B82C11B002797A0 = {
			isa = PBXGroup;
			children = (
				9ABC89FF2B82C11B002797A0 /* ToDoFirebaseSwiftUI */,
				9ABC89FE2B82C11B002797A0 /* Products */,
			);
			sourceTree = "<group>";
		};
		9ABC89FE2B82C11B002797A0 /* Products */ = {
			isa = PBXGroup;
			children = (
				9ABC89FD2B82C11B002797A0 /* ToDoFirebaseSwiftUI.app */,
			);
			name = Products;
			sourceTree = "<group>";
		};
		9ABC89FF2B82C11B002797A0 /* ToDoFirebaseSwiftUI */ = {
			isa = PBXGroup;
			children = (
				9A5D72D22B9FE76E00BBD246 /* Repositories */,
				9ABC8A112B82D0DD002797A0 /* ViewModel */,
				9ABC8A102B82D0D3002797A0 /* Model */,
				9ABC8A0F2B82D0CC002797A0 /* View */,
				9ABC8A002B82C11B002797A0 /* ToDoFirebaseSwiftUIApp.swift */,
				9ABC8A022B82C11B002797A0 /* ContentView.swift */,
				9ABC8A042B82C11C002797A0 /* Assets.xcassets */,
				9A5D72CB2B9D862600BBD246 /* GoogleService-Info.plist */,
				9ABC8A062B82C11C002797A0 /* Preview Content */,
			);
			path = ToDoFirebaseSwiftUI;
			sourceTree = "<group>";
		};
		9ABC8A062B82C11C002797A0 /* Preview Content */ = {
			isa = PBXGroup;
			children = (
				9ABC8A072B82C11C002797A0 /* Preview Assets.xcassets */,
			);
			path = "Preview Content";
			sourceTree = "<group>";
		};
		9ABC8A0F2B82D0CC002797A0 /* View */ = {
			isa = PBXGroup;
			children = (
				9A5D72C72B9D712B00BBD246 /* ListView.swift */,
				9A5D72D02B9D942E00BBD246 /* DetailView.swift */,
				9A56EA332BA69FF700A3A57A /* LoginView.swift */,
				9A56EA352BA6A01700A3A57A /* SignUpView.swift */,
			);
			path = View;
			sourceTree = "<group>";
		};
		9ABC8A102B82D0D3002797A0 /* Model */ = {
			isa = PBXGroup;
			children = (
				9ABC8A122B82D10D002797A0 /* ToDoItem.swift */,
			);
			path = Model;
			sourceTree = "<group>";
		};
		9ABC8A112B82D0DD002797A0 /* ViewModel */ = {
			isa = PBXGroup;
			children = (
				9AD4E0A62B8702AF004A692E /* ListViewModel.swift */,
				9A6F8B442BA6757B001FE343 /* AppStateViewModel.swift */,
			);
			path = ViewModel;
			sourceTree = "<group>";
		};
/* End PBXGroup section */

/* Begin PBXNativeTarget section */
		9ABC89FC2B82C11B002797A0 /* ToDoFirebaseSwiftUI */ = {
			isa = PBXNativeTarget;
			buildConfigurationList = 9ABC8A0B2B82C11C002797A0 /* Build configuration list for PBXNativeTarget "ToDoFirebaseSwiftUI" */;
			buildPhases = (
				9ABC89F92B82C11B002797A0 /* Sources */,
				9ABC89FA2B82C11B002797A0 /* Frameworks */,
				9ABC89FB2B82C11B002797A0 /* Resources */,
			);
			buildRules = (
			);
			dependencies = (
			);
			name = ToDoFirebaseSwiftUI;
			packageProductDependencies = (
				9A5D72CE2B9D869700BBD246 /* FirebaseFirestore */,
				9A5D72D52B9FF33D00BBD246 /* FirebaseFirestoreSwift */,
				9A56EA2F2BA6980D00A3A57A /* FirebaseAuth */,
			);
			productName = ToDoFirebaseSwiftUI;
			productReference = 9ABC89FD2B82C11B002797A0 /* ToDoFirebaseSwiftUI.app */;
			productType = "com.apple.product-type.application";
		};
/* End PBXNativeTarget section */

/* Begin PBXProject section */
		9ABC89F52B82C11B002797A0 /* Project object */ = {
			isa = PBXProject;
			attributes = {
				BuildIndependentTargetsInParallel = 1;
				LastSwiftUpdateCheck = 1520;
				LastUpgradeCheck = 1520;
				TargetAttributes = {
					9ABC89FC2B82C11B002797A0 = {
						CreatedOnToolsVersion = 15.2;
					};
				};
			};
			buildConfigurationList = 9ABC89F82B82C11B002797A0 /* Build configuration list for PBXProject "ToDoFirebaseSwiftUI" */;
			compatibilityVersion = "Xcode 14.0";
			developmentRegion = en;
			hasScannedForEncodings = 0;
			knownRegions = (
				en,
				Base,
			);
			mainGroup = 9ABC89F42B82C11B002797A0;
			packageReferences = (
				9A5D72CD2B9D869700BBD246 /* XCRemoteSwiftPackageReference "firebase-ios-sdk" */,
			);
			productRefGroup = 9ABC89FE2B82C11B002797A0 /* Products */;
			projectDirPath = "";
			projectRoot = "";
			targets = (
				9ABC89FC2B82C11B002797A0 /* ToDoFirebaseSwiftUI */,
			);
		};
/* End PBXProject section */

/* Begin PBXResourcesBuildPhase section */
		9ABC89FB2B82C11B002797A0 /* Resources */ = {
			isa = PBXResourcesBuildPhase;
			buildActionMask = 2147483647;
			files = (
				9ABC8A082B82C11C002797A0 /* Preview Assets.xcassets in Resources */,
				9ABC8A052B82C11C002797A0 /* Assets.xcassets in Resources */,
				9A5D72CC2B9D862600BBD246 /* GoogleService-Info.plist in Resources */,
			);
			runOnlyForDeploymentPostprocessing = 0;
		};
/* End PBXResourcesBuildPhase section */

/* Begin PBXSourcesBuildPhase section */
		9ABC89F92B82C11B002797A0 /* Sources */ = {
			isa = PBXSourcesBuildPhase;
			buildActionMask = 2147483647;
			files = (
				9A6F8B452BA6757B001FE343 /* AppStateViewModel.swift in Sources */,
				9AD4E0A72B8702AF004A692E /* ListViewModel.swift in Sources */,
				9A5D72D12B9D942E00BBD246 /* DetailView.swift in Sources */,
				9ABC8A032B82C11B002797A0 /* ContentView.swift in Sources */,
				9A5D72D42B9FE79000BBD246 /* ItemRepository.swift in Sources */,
				9A56EA362BA6A01700A3A57A /* SignUpView.swift in Sources */,
				9ABC8A012B82C11B002797A0 /* ToDoFirebaseSwiftUIApp.swift in Sources */,
				9A5D72C82B9D712B00BBD246 /* ListView.swift in Sources */,
				9A56EA342BA69FF700A3A57A /* LoginView.swift in Sources */,
				9ABC8A132B82D10D002797A0 /* ToDoItem.swift in Sources */,
			);
			runOnlyForDeploymentPostprocessing = 0;
		};
/* End PBXSourcesBuildPhase section */

/* Begin XCBuildConfiguration section */
		9ABC8A092B82C11C002797A0 /* Debug */ = {
			isa = XCBuildConfiguration;
			buildSettings = {
				ALWAYS_SEARCH_USER_PATHS = NO;
				ASSETCATALOG_COMPILER_GENERATE_SWIFT_ASSET_SYMBOL_EXTENSIONS = YES;
				CLANG_ANALYZER_NONNULL = YES;
				CLANG_ANALYZER_NUMBER_OBJECT_CONVERSION = YES_AGGRESSIVE;
				CLANG_CXX_LANGUAGE_STANDARD = "gnu++20";
				CLANG_ENABLE_MODULES = YES;
				CLANG_ENABLE_OBJC_ARC = YES;
				CLANG_ENABLE_OBJC_WEAK = YES;
				CLANG_WARN_BLOCK_CAPTURE_AUTORELEASING = YES;
				CLANG_WARN_BOOL_CONVERSION = YES;
				CLANG_WARN_COMMA = YES;
				CLANG_WARN_CONSTANT_CONVERSION = YES;
				CLANG_WARN_DEPRECATED_OBJC_IMPLEMENTATIONS = YES;
				CLANG_WARN_DIRECT_OBJC_ISA_USAGE = YES_ERROR;
				CLANG_WARN_DOCUMENTATION_COMMENTS = YES;
				CLANG_WARN_EMPTY_BODY = YES;
				CLANG_WARN_ENUM_CONVERSION = YES;
				CLANG_WARN_INFINITE_RECURSION = YES;
				CLANG_WARN_INT_CONVERSION = YES;
				CLANG_WARN_NON_LITERAL_NULL_CONVERSION = YES;
				CLANG_WARN_OBJC_IMPLICIT_RETAIN_SELF = YES;
				CLANG_WARN_OBJC_LITERAL_CONVERSION = YES;
				CLANG_WARN_OBJC_ROOT_CLASS = YES_ERROR;
				CLANG_WARN_QUOTED_INCLUDE_IN_FRAMEWORK_HEADER = YES;
				CLANG_WARN_RANGE_LOOP_ANALYSIS = YES;
				CLANG_WARN_STRICT_PROTOTYPES = YES;
				CLANG_WARN_SUSPICIOUS_MOVE = YES;
				CLANG_WARN_UNGUARDED_AVAILABILITY = YES_AGGRESSIVE;
				CLANG_WARN_UNREACHABLE_CODE = YES;
				CLANG_WARN__DUPLICATE_METHOD_MATCH = YES;
				COPY_PHASE_STRIP = NO;
				DEBUG_INFORMATION_FORMAT = dwarf;
				ENABLE_STRICT_OBJC_MSGSEND = YES;
				ENABLE_TESTABILITY = YES;
				ENABLE_USER_SCRIPT_SANDBOXING = YES;
				GCC_C_LANGUAGE_STANDARD = gnu17;
				GCC_DYNAMIC_NO_PIC = NO;
				GCC_NO_COMMON_BLOCKS = YES;
				GCC_OPTIMIZATION_LEVEL = 0;
				GCC_PREPROCESSOR_DEFINITIONS = (
					"DEBUG=1",
					"$(inherited)",
				);
				GCC_WARN_64_TO_32_BIT_CONVERSION = YES;
				GCC_WARN_ABOUT_RETURN_TYPE = YES_ERROR;
				GCC_WARN_UNDECLARED_SELECTOR = YES;
				GCC_WARN_UNINITIALIZED_AUTOS = YES_AGGRESSIVE;
				GCC_WARN_UNUSED_FUNCTION = YES;
				GCC_WARN_UNUSED_VARIABLE = YES;
				IPHONEOS_DEPLOYMENT_TARGET = 17.2;
				LOCALIZATION_PREFERS_STRING_CATALOGS = YES;
				MTL_ENABLE_DEBUG_INFO = INCLUDE_SOURCE;
				MTL_FAST_MATH = YES;
				ONLY_ACTIVE_ARCH = YES;
				SDKROOT = iphoneos;
				SWIFT_ACTIVE_COMPILATION_CONDITIONS = "DEBUG $(inherited)";
				SWIFT_OPTIMIZATION_LEVEL = "-Onone";
			};
			name = Debug;
		};
		9ABC8A0A2B82C11C002797A0 /* Release */ = {
			isa = XCBuildConfiguration;
			buildSettings = {
				ALWAYS_SEARCH_USER_PATHS = NO;
				ASSETCATALOG_COMPILER_GENERATE_SWIFT_ASSET_SYMBOL_EXTENSIONS = YES;
				CLANG_ANALYZER_NONNULL = YES;
				CLANG_ANALYZER_NUMBER_OBJECT_CONVERSION = YES_AGGRESSIVE;
				CLANG_CXX_LANGUAGE_STANDARD = "gnu++20";
				CLANG_ENABLE_MODULES = YES;
				CLANG_ENABLE_OBJC_ARC = YES;
				CLANG_ENABLE_OBJC_WEAK = YES;
				CLANG_WARN_BLOCK_CAPTURE_AUTORELEASING = YES;
				CLANG_WARN_BOOL_CONVERSION = YES;
				CLANG_WARN_COMMA = YES;
				CLANG_WARN_CONSTANT_CONVERSION = YES;
				CLANG_WARN_DEPRECATED_OBJC_IMPLEMENTATIONS = YES;
				CLANG_WARN_DIRECT_OBJC_ISA_USAGE = YES_ERROR;
				CLANG_WARN_DOCUMENTATION_COMMENTS = YES;
				CLANG_WARN_EMPTY_BODY = YES;
				CLANG_WARN_ENUM_CONVERSION = YES;
				CLANG_WARN_INFINITE_RECURSION = YES;
				CLANG_WARN_INT_CONVERSION = YES;
				CLANG_WARN_NON_LITERAL_NULL_CONVERSION = YES;
				CLANG_WARN_OBJC_IMPLICIT_RETAIN_SELF = YES;
				CLANG_WARN_OBJC_LITERAL_CONVERSION = YES;
				CLANG_WARN_OBJC_ROOT_CLASS = YES_ERROR;
				CLANG_WARN_QUOTED_INCLUDE_IN_FRAMEWORK_HEADER = YES;
				CLANG_WARN_RANGE_LOOP_ANALYSIS = YES;
				CLANG_WARN_STRICT_PROTOTYPES = YES;
				CLANG_WARN_SUSPICIOUS_MOVE = YES;
				CLANG_WARN_UNGUARDED_AVAILABILITY = YES_AGGRESSIVE;
				CLANG_WARN_UNREACHABLE_CODE = YES;
				CLANG_WARN__DUPLICATE_METHOD_MATCH = YES;
				COPY_PHASE_STRIP = NO;
				DEBUG_INFORMATION_FORMAT = "dwarf-with-dsym";
				ENABLE_NS_ASSERTIONS = NO;
				ENABLE_STRICT_OBJC_MSGSEND = YES;
				ENABLE_USER_SCRIPT_SANDBOXING = YES;
				GCC_C_LANGUAGE_STANDARD = gnu17;
				GCC_NO_COMMON_BLOCKS = YES;
				GCC_WARN_64_TO_32_BIT_CONVERSION = YES;
				GCC_WARN_ABOUT_RETURN_TYPE = YES_ERROR;
				GCC_WARN_UNDECLARED_SELECTOR = YES;
				GCC_WARN_UNINITIALIZED_AUTOS = YES_AGGRESSIVE;
				GCC_WARN_UNUSED_FUNCTION = YES;
				GCC_WARN_UNUSED_VARIABLE = YES;
				IPHONEOS_DEPLOYMENT_TARGET = 17.2;
				LOCALIZATION_PREFERS_STRING_CATALOGS = YES;
				MTL_ENABLE_DEBUG_INFO = NO;
				MTL_FAST_MATH = YES;
				SDKROOT = iphoneos;
				SWIFT_COMPILATION_MODE = wholemodule;
				VALIDATE_PRODUCT = YES;
			};
			name = Release;
		};
		9ABC8A0C2B82C11C002797A0 /* Debug */ = {
			isa = XCBuildConfiguration;
			buildSettings = {
				ASSETCATALOG_COMPILER_APPICON_NAME = AppIcon;
				ASSETCATALOG_COMPILER_GLOBAL_ACCENT_COLOR_NAME = AccentColor;
				CODE_SIGN_STYLE = Automatic;
				CURRENT_PROJECT_VERSION = 1;
				DEVELOPMENT_ASSET_PATHS = "\"ToDoFirebaseSwiftUI/Preview Content\"";
				DEVELOPMENT_TEAM = XSL5ZGCFW3;
				ENABLE_PREVIEWS = YES;
				GENERATE_INFOPLIST_FILE = YES;
				INFOPLIST_KEY_UIApplicationSceneManifest_Generation = YES;
				INFOPLIST_KEY_UIApplicationSupportsIndirectInputEvents = YES;
				INFOPLIST_KEY_UILaunchScreen_Generation = YES;
				INFOPLIST_KEY_UISupportedInterfaceOrientations_iPad = "UIInterfaceOrientationPortrait UIInterfaceOrientationPortraitUpsideDown UIInterfaceOrientationLandscapeLeft UIInterfaceOrientationLandscapeRight";
				INFOPLIST_KEY_UISupportedInterfaceOrientations_iPhone = "UIInterfaceOrientationPortrait UIInterfaceOrientationLandscapeLeft UIInterfaceOrientationLandscapeRight";
				LD_RUNPATH_SEARCH_PATHS = (
					"$(inherited)",
					"@executable_path/Frameworks",
				);
				MARKETING_VERSION = 1.0;
				PRODUCT_BUNDLE_IDENTIFIER = edu.syr.ToDoFirebaseSwiftUI;
				PRODUCT_NAME = "$(TARGET_NAME)";
				SWIFT_EMIT_LOC_STRINGS = YES;
				SWIFT_VERSION = 5.0;
				TARGETED_DEVICE_FAMILY = "1,2";
			};
			name = Debug;
		};
		9ABC8A0D2B82C11C002797A0 /* Release */ = {
			isa = XCBuildConfiguration;
			buildSettings = {
				ASSETCATALOG_COMPILER_APPICON_NAME = AppIcon;
				ASSETCATALOG_COMPILER_GLOBAL_ACCENT_COLOR_NAME = AccentColor;
				CODE_SIGN_STYLE = Automatic;
				CURRENT_PROJECT_VERSION = 1;
				DEVELOPMENT_ASSET_PATHS = "\"ToDoFirebaseSwiftUI/Preview Content\"";
				DEVELOPMENT_TEAM = XSL5ZGCFW3;
				ENABLE_PREVIEWS = YES;
				GENERATE_INFOPLIST_FILE = YES;
				INFOPLIST_KEY_UIApplicationSceneManifest_Generation = YES;
				INFOPLIST_KEY_UIApplicationSupportsIndirectInputEvents = YES;
				INFOPLIST_KEY_UILaunchScreen_Generation = YES;
				INFOPLIST_KEY_UISupportedInterfaceOrientations_iPad = "UIInterfaceOrientationPortrait UIInterfaceOrientationPortraitUpsideDown UIInterfaceOrientationLandscapeLeft UIInterfaceOrientationLandscapeRight";
				INFOPLIST_KEY_UISupportedInterfaceOrientations_iPhone = "UIInterfaceOrientationPortrait UIInterfaceOrientationLandscapeLeft UIInterfaceOrientationLandscapeRight";
				LD_RUNPATH_SEARCH_PATHS = (
					"$(inherited)",
					"@executable_path/Frameworks",
				);
				MARKETING_VERSION = 1.0;
				PRODUCT_BUNDLE_IDENTIFIER = edu.syr.ToDoFirebaseSwiftUI;
				PRODUCT_NAME = "$(TARGET_NAME)";
				SWIFT_EMIT_LOC_STRINGS = YES;
				SWIFT_VERSION = 5.0;
				TARGETED_DEVICE_FAMILY = "1,2";
			};
			name = Release;
		};
/* End XCBuildConfiguration section */

/* Begin XCConfigurationList section */
		9ABC89F82B82C11B002797A0 /* Build configuration list for PBXProject "ToDoFirebaseSwiftUI" */ = {
			isa = XCConfigurationList;
			buildConfigurations = (
				9ABC8A092B82C11C002797A0 /* Debug */,
				9ABC8A0A2B82C11C002797A0 /* Release */,
			);
			defaultConfigurationIsVisible = 0;
			defaultConfigurationName = Release;
		};
		9ABC8A0B2B82C11C002797A0 /* Build configuration list for PBXNativeTarget "ToDoFirebaseSwiftUI" */ = {
			isa = XCConfigurationList;
			buildConfigurations = (
				9ABC8A0C2B82C11C002797A0 /* Debug */,
				9ABC8A0D2B82C11C002797A0 /* Release */,
			);
			defaultConfigurationIsVisible = 0;
			defaultConfigurationName = Release;
		};
/* End XCConfigurationList section */

/* Begin XCRemoteSwiftPackageReference section */
		9A5D72CD2B9D869700BBD246 /* XCRemoteSwiftPackageReference "firebase-ios-sdk" */ = {
			isa = XCRemoteSwiftPackageReference;
			repositoryURL = "https://github.com/firebase/firebase-ios-sdk";
			requirement = {
				kind = upToNextMajorVersion;
				minimumVersion = 10.22.1;
			};
		};
/* End XCRemoteSwiftPackageReference section */

/* Begin XCSwiftPackageProductDependency section */
		9A56EA2F2BA6980D00A3A57A /* FirebaseAuth */ = {
			isa = XCSwiftPackageProductDependency;
			package = 9A5D72CD2B9D869700BBD246 /* XCRemoteSwiftPackageReference "firebase-ios-sdk" */;
			productName = FirebaseAuth;
		};
		9A5D72CE2B9D869700BBD246 /* FirebaseFirestore */ = {
			isa = XCSwiftPackageProductDependency;
			package = 9A5D72CD2B9D869700BBD246 /* XCRemoteSwiftPackageReference "firebase-ios-sdk" */;
			productName = FirebaseFirestore;
		};
		9A5D72D52B9FF33D00BBD246 /* FirebaseFirestoreSwift */ = {
			isa = XCSwiftPackageProductDependency;
			package = 9A5D72CD2B9D869700BBD246 /* XCRemoteSwiftPackageReference "firebase-ios-sdk" */;
			productName = FirebaseFirestoreSwift;
		};
/* End XCSwiftPackageProductDependency section */
	};
	rootObject = 9ABC89F52B82C11B002797A0 /* Project object */;
}
